
Microsoft Visual Studio Solution File, Format Version 12.00
# Visual Studio Version 17
VisualStudioVersion = 17.5.33627.172
MinimumVisualStudioVersion = 10.0.40219.1
Project("{FAE04EC0-301F-11D3-BF4B-00C04F79EFBC}") = "PatientAppointmentBookingProj", "PatientAppointmentBookingProj\PatientAppointmentBookingProj.csproj", "{53D3C78E-A3CF-4FCE-9340-0D396439A193}"
EndProject
Global
	GlobalSection(SolutionConfigurationPlatforms) = preSolution
		Debug|Any CPU = Debug|Any CPU
		Release|Any CPU = Release|Any CPU
	EndGlobalSection
	GlobalSection(ProjectConfigurationPlatforms) = postSolution
		{53D3C78E-A3CF-4FCE-9340-0D396439A193}.Debug|Any CPU.ActiveCfg = Debug|Any CPU
		{53D3C78E-A3CF-4FCE-9340-0D396439A193}.Debug|Any CPU.Build.0 = Debug|Any CPU
		{53D3C78E-A3CF-4FCE-9340-0D396439A193}.Release|Any CPU.ActiveCfg = Release|Any CPU
		{53D3C78E-A3CF-4FCE-9340-0D396439A193}.Release|Any CPU.Build.0 = Release|Any CPU
	EndGlobalSection
	GlobalSection(SolutionProperties) = preSolution
		HideSolutionNode = FALSE
	EndGlobalSection
	GlobalSection(ExtensibilityGlobals) = postSolution
		SolutionGuid = {628DD9FE-D459-4DA9-94D9-FA0546B2EE4C}
	EndGlobalSection
EndGlobal
